// !$*UTF8*$!
{
	archiveVersion = 1;
	classes = {
	};
	objectVersion = 46;
	objects = {

/* Begin PBXBuildFile section */
		7205E2E31F468C790026C585 /* AppDelegate.swift in Sources */ = {isa = PBXBuildFile; fileRef = 7205E2E21F468C790026C585 /* AppDelegate.swift */; };
		7205E2E51F468C790026C585 /* ViewController.swift in Sources */ = {isa = PBXBuildFile; fileRef = 7205E2E41F468C790026C585 /* ViewController.swift */; };
		7205E2E81F468C790026C585 /* Main.storyboard in Resources */ = {isa = PBXBuildFile; fileRef = 7205E2E61F468C790026C585 /* Main.storyboard */; };
		7205E2EB1F468C790026C585 /* ProgrammaticCollectionView.xcdatamodeld in Sources */ = {isa = PBXBuildFile; fileRef = 7205E2E91F468C790026C585 /* ProgrammaticCollectionView.xcdatamodeld */; };
		7205E2ED1F468C790026C585 /* Assets.xcassets in Resources */ = {isa = PBXBuildFile; fileRef = 7205E2EC1F468C790026C585 /* Assets.xcassets */; };
		7205E2F01F468C790026C585 /* LaunchScreen.storyboard in Resources */ = {isa = PBXBuildFile; fileRef = 7205E2EE1F468C790026C585 /* LaunchScreen.storyboard */; };
/* End PBXBuildFile section */

/* Begin PBXFileReference section */
		7205E2DF1F468C790026C585 /* ProgrammaticCollectionView.app */ = {isa = PBXFileReference; explicitFileType = wrapper.application; includeInIndex = 0; path = ProgrammaticCollectionView.app; sourceTree = BUILT_PRODUCTS_DIR; };
		7205E2E21F468C790026C585 /* AppDelegate.swift */ = {isa = PBXFileReference; lastKnownFileType = sourcecode.swift; path = AppDelegate.swift; sourceTree = "<group>"; };
		7205E2E41F468C790026C585 /* ViewController.swift */ = {isa = PBXFileReference; lastKnownFileType = sourcecode.swift; path = ViewController.swift; sourceTree = "<group>"; };
		7205E2E71F468C790026C585 /* Base */ = {isa = PBXFileReference; lastKnownFileType = file.storyboard; name = Base; path = Base.lproj/Main.storyboard; sourceTree = "<group>"; };
		7205E2EA1F468C790026C585 /* ProgrammaticCollectionView.xcdatamodel */ = {isa = PBXFileReference; lastKnownFileType = wrapper.xcdatamodel; path = ProgrammaticCollectionView.xcdatamodel; sourceTree = "<group>"; };
		7205E2EC1F468C790026C585 /* Assets.xcassets */ = {isa = PBXFileReference; lastKnownFileType = folder.assetcatalog; path = Assets.xcassets; sourceTree = "<group>"; };
		7205E2EF1F468C790026C585 /* Base */ = {isa = PBXFileReference; lastKnownFileType = file.storyboard; name = Base; path = Base.lproj/LaunchScreen.storyboard; sourceTree = "<group>"; };
		7205E2F11F468C790026C585 /* Info.plist */ = {isa = PBXFileReference; lastKnownFileType = text.plist.xml; path = Info.plist; sourceTree = "<group>"; };
/* End PBXFileReference section */

/* Begin PBXFrameworksBuildPhase section */
		7205E2DC1F468C790026C585 /* Frameworks */ = {
			isa = PBXFrameworksBuildPhase;
			buildActionMask = 2147483647;
			files = (
			);
			runOnlyForDeploymentPostprocessing = 0;
		};
/* End PBXFrameworksBuildPhase section */

/* Begin PBXGroup section */
		7205E2D61F468C780026C585 = {
			isa = PBXGroup;
			children = (
				7205E2E11F468C790026C585 /* ProgrammaticCollectionView */,
				7205E2E01F468C790026C585 /* Products */,
			);
			sourceTree = "<group>";
		};
		7205E2E01F468C790026C585 /* Products */ = {
			isa = PBXGroup;
			children = (
				7205E2DF1F468C790026C585 /* ProgrammaticCollectionView.app */,
			);
			name = Products;
			sourceTree = "<group>";
		};
		7205E2E11F468C790026C585 /* ProgrammaticCollectionView */ = {
			isa = PBXGroup;
			children = (
				7205E2E21F468C790026C585 /* AppDelegate.swift */,
				7205E2E41F468C790026C585 /* ViewController.swift */,
				7205E2E61F468C790026C585 /* Main.storyboard */,
				7205E2EC1F468C790026C585 /* Assets.xcassets */,
				7205E2EE1F468C790026C585 /* LaunchScreen.storyboard */,
				7205E2F11F468C790026C585 /* Info.plist */,
				7205E2E91F468C790026C585 /* ProgrammaticCollectionView.xcdatamodeld */,
			);
			path = ProgrammaticCollectionView;
			sourceTree = "<group>";
		};
/* End PBXGroup section */

/* Begin PBXNativeTarget section */
		7205E2DE1F468C790026C585 /* ProgrammaticCollectionView */ = {
			isa = PBXNativeTarget;
			buildConfigurationList = 7205E2F41F468C790026C585 /* Build configuration list for PBXNativeTarget "ProgrammaticCollectionView" */;
			buildPhases = (
				7205E2DB1F468C790026C585 /* Sources */,
				7205E2DC1F468C790026C585 /* Frameworks */,
				7205E2DD1F468C790026C585 /* Resources */,
			);
			buildRules = (
			);
			dependencies = (
			);
			name = ProgrammaticCollectionView;
			productName = ProgrammaticCollectionView;
			productReference = 7205E2DF1F468C790026C585 /* ProgrammaticCollectionView.app */;
			productType = "com.apple.product-type.application";
		};
/* End PBXNativeTarget section */

/* Begin PBXProject section */
		7205E2D71F468C780026C585 /* Project object */ = {
			isa = PBXProject;
			attributes = {
				LastSwiftUpdateCheck = 0830;
				LastUpgradeCheck = 0830;
				ORGANIZATIONNAME = ApptasticVoyage;
				TargetAttributes = {
					7205E2DE1F468C790026C585 = {
						CreatedOnToolsVersion = 8.3.3;
						DevelopmentTeam = KT3EESWU53;
						ProvisioningStyle = Automatic;
					};
				};
			};
			buildConfigurationList = 7205E2DA1F468C780026C585 /* Build configuration list for PBXProject "ProgrammaticCollectionView" */;
			compatibilityVersion = "Xcode 3.2";
			developmentRegion = English;
			hasScannedForEncodings = 0;
			knownRegions = (
				en,
				Base,
			);
			mainGroup = 7205E2D61F468C780026C585;
			productRefGroup = 7205E2E01F468C790026C585 /* Products */;
			projectDirPath = "";
			projectRoot = "";
			targets = (
				7205E2DE1F468C790026C585 /* ProgrammaticCollectionView */,
			);
		};
/* End PBXProject section */

/* Begin PBXResourcesBuildPhase section */
		7205E2DD1F468C790026C585 /* Resources */ = {
			isa = PBXResourcesBuildPhase;
			buildActionMask = 2147483647;
			files = (
				7205E2F01F468C790026C585 /* LaunchScreen.storyboard in Resources */,
				7205E2ED1F468C790026C585 /* Assets.xcassets in Resources */,
				7205E2E81F468C790026C585 /* Main.storyboard in Resources */,
			);
			runOnlyForDeploymentPostprocessing = 0;
		};
/* End PBXResourcesBuildPhase section */

/* Begin PBXSourcesBuildPhase section */
		7205E2DB1F468C790026C585 /* Sources */ = {
			isa = PBXSourcesBuildPhase;
			buildActionMask = 2147483647;
			files = (
				7205E2E51F468C790026C585 /* ViewController.swift in Sources */,
				7205E2E31F468C790026C585 /* AppDelegate.swift in Sources */,
				7205E2EB1F468C790026C585 /* ProgrammaticCollectionView.xcdatamodeld in Sources */,
			);
			runOnlyForDeploymentPostprocessing = 0;
		};
/* End PBXSourcesBuildPhase section */

/* Begin PBXVariantGroup section */
		7205E2E61F468C790026C585 /* Main.storyboard */ = {
			isa = PBXVariantGroup;
			children = (
				7205E2E71F468C790026C585 /* Base */,
			);
			name = Main.storyboard;
			sourceTree = "<group>";
		};
		7205E2EE1F468C790026C585 /* LaunchScreen.storyboard */ = {
			isa = PBXVariantGroup;
			children = (
				7205E2EF1F468C790026C585 /* Base */,
			);
			name = LaunchScreen.storyboard;
			sourceTree = "<group>";
		};
/* End PBXVariantGroup section */

/* Begin XCBuildConfiguration section */
		7205E2F21F468C790026C585 /* Debug */ = {
			isa = XCBuildConfiguration;
			buildSettings = {
				ALWAYS_SEARCH_USER_PATHS = NO;
				CLANG_ANALYZER_NONNULL = YES;
				CLANG_ANALYZER_NUMBER_OBJECT_CONVERSION = YES_AGGRESSIVE;
				CLANG_CXX_LANGUAGE_STANDARD = "gnu++0x";
				CLANG_CXX_LIBRARY = "libc++";
				CLANG_ENABLE_MODULES = YES;
				CLANG_ENABLE_OBJC_ARC = YES;
				CLANG_WARN_BOOL_CONVERSION = YES;
				CLANG_WARN_CONSTANT_CONVERSION = YES;
				CLANG_WARN_DIRECT_OBJC_ISA_USAGE = YES_ERROR;
				CLANG_WARN_DOCUMENTATION_COMMENTS = YES;
				CLANG_WARN_EMPTY_BODY = YES;
				CLANG_WARN_ENUM_CONVERSION = YES;
				CLANG_WARN_INFINITE_RECURSION = YES;
				CLANG_WARN_INT_CONVERSION = YES;
				CLANG_WARN_OBJC_ROOT_CLASS = YES_ERROR;
				CLANG_WARN_SUSPICIOUS_MOVE = YES;
				CLANG_WARN_UNREACHABLE_CODE = YES;
				CLANG_WARN__DUPLICATE_METHOD_MATCH = YES;
				"CODE_SIGN_IDENTITY[sdk=iphoneos*]" = "iPhone Developer";
				COPY_PHASE_STRIP = NO;
				DEBUG_INFORMATION_FORMAT = dwarf;
				ENABLE_STRICT_OBJC_MSGSEND = YES;
				ENABLE_TESTABILITY = YES;
				GCC_C_LANGUAGE_STANDARD = gnu99;
				GCC_DYNAMIC_NO_PIC = NO;
				GCC_NO_COMMON_BLOCKS = YES;
				GCC_OPTIMIZATION_LEVEL = 0;
				GCC_PREPROCESSOR_DEFINITIONS = (
					"DEBUG=1",
					"$(inherited)",
				);
				GCC_WARN_64_TO_32_BIT_CONVERSION = YES;
				GCC_WARN_ABOUT_RETURN_TYPE = YES_ERROR;
				GCC_WARN_UNDECLARED_SELECTOR = YES;
				GCC_WARN_UNINITIALIZED_AUTOS = YES_AGGRESSIVE;
				GCC_WARN_UNUSED_FUNCTION = YES;
				GCC_WARN_UNUSED_VARIABLE = YES;
				IPHONEOS_DEPLOYMENT_TARGET = 10.3;
				MTL_ENABLE_DEBUG_INFO = YES;
				ONLY_ACTIVE_ARCH = YES;
				SDKROOT = iphoneos;
				SWIFT_ACTIVE_COMPILATION_CONDITIONS = DEBUG;
				SWIFT_OPTIMIZATION_LEVEL = "-Onone";
				TARGETED_DEVICE_FAMILY = "1,2";
			};
			name = Debug;
		};
		7205E2F31F468C790026C585 /* Release */ = {
			isa = XCBuildConfiguration;
			buildSettings = {
				ALWAYS_SEARCH_USER_PATHS = NO;
				CLANG_ANALYZER_NONNULL = YES;
				CLANG_ANALYZER_NUMBER_OBJECT_CONVERSION = YES_AGGRESSIVE;
				CLANG_CXX_LANGUAGE_STANDARD = "gnu++0x";
				CLANG_CXX_LIBRARY = "libc++";
				CLANG_ENABLE_MODULES = YES;
				CLANG_ENABLE_OBJC_ARC = YES;
				CLANG_WARN_BOOL_CONVERSION = YES;
				CLANG_WARN_CONSTANT_CONVERSION = YES;
				CLANG_WARN_DIRECT_OBJC_ISA_USAGE = YES_ERROR;
				CLANG_WARN_DOCUMENTATION_COMMENTS = YES;
				CLANG_WARN_EMPTY_BODY = YES;
				CLANG_WARN_ENUM_CONVERSION = YES;
				CLANG_WARN_INFINITE_RECURSION = YES;
				CLANG_WARN_INT_CONVERSION = YES;
				CLANG_WARN_OBJC_ROOT_CLASS = YES_ERROR;
				CLANG_WARN_SUSPICIOUS_MOVE = YES;
				CLANG_WARN_UNREACHABLE_CODE = YES;
				CLANG_WARN__DUPLICATE_METHOD_MATCH = YES;
				"CODE_SIGN_IDENTITY[sdk=iphoneos*]" = "iPhone Developer";
				COPY_PHASE_STRIP = NO;
				DEBUG_INFORMATION_FORMAT = "dwarf-with-dsym";
				ENABLE_NS_ASSERTIONS = NO;
				ENABLE_STRICT_OBJC_MSGSEND = YES;
				GCC_C_LANGUAGE_STANDARD = gnu99;
				GCC_NO_COMMON_BLOCKS = YES;
				GCC_WARN_64_TO_32_BIT_CONVERSION = YES;
				GCC_WARN_ABOUT_RETURN_TYPE = YES_ERROR;
				GCC_WARN_UNDECLARED_SELECTOR = YES;
				GCC_WARN_UNINITIALIZED_AUTOS = YES_AGGRESSIVE;
				GCC_WARN_UNUSED_FUNCTION = YES;
				GCC_WARN_UNUSED_VARIABLE = YES;
				IPHONEOS_DEPLOYMENT_TARGET = 10.3;
				MTL_ENABLE_DEBUG_INFO = NO;
				SDKROOT = iphoneos;
				SWIFT_OPTIMIZATION_LEVEL = "-Owholemodule";
				TARGETED_DEVICE_FAMILY = "1,2";
				VALIDATE_PRODUCT = YES;
			};
			name = Release;
		};
		7205E2F51F468C790026C585 /* Debug */ = {
			isa = XCBuildConfiguration;
			buildSettings = {
				ASSETCATALOG_COMPILER_APPICON_NAME = AppIcon;
				DEVELOPMENT_TEAM = KT3EESWU53;
				INFOPLIST_FILE = ProgrammaticCollectionView/Info.plist;
				LD_RUNPATH_SEARCH_PATHS = "$(inherited) @executable_path/Frameworks";
				PRODUCT_BUNDLE_IDENTIFIER = com.ApptasticVoyage.ProgrammaticCollectionView;
				PRODUCT_NAME = "$(TARGET_NAME)";
				SWIFT_VERSION = 3.0;
			};
			name = Debug;
		};
		7205E2F61F468C790026C585 /* Release */ = {
			isa = XCBuildConfiguration;
			buildSettings = {
				ASSETCATALOG_COMPILER_APPICON_NAME = AppIcon;
				DEVELOPMENT_TEAM = KT3EESWU53;
				INFOPLIST_FILE = ProgrammaticCollectionView/Info.plist;
				LD_RUNPATH_SEARCH_PATHS = "$(inherited) @executable_path/Frameworks";
				PRODUCT_BUNDLE_IDENTIFIER = com.ApptasticVoyage.ProgrammaticCollectionView;
				PRODUCT_NAME = "$(TARGET_NAME)";
				SWIFT_VERSION = 3.0;
			};
			name = Release;
		};
/* End XCBuildConfiguration section */

/* Begin XCConfigurationList section */
		7205E2DA1F468C780026C585 /* Build configuration list for PBXProject "ProgrammaticCollectionView" */ = {
			isa = XCConfigurationList;
			buildConfigurations = (
				7205E2F21F468C790026C585 /* Debug */,
				7205E2F31F468C790026C585 /* Release */,
			);
			defaultConfigurationIsVisible = 0;
			defaultConfigurationName = Release;
		};
		7205E2F41F468C790026C585 /* Build configuration list for PBXNativeTarget "ProgrammaticCollectionView" */ = {
			isa = XCConfigurationList;
			buildConfigurations = (
				7205E2F51F468C790026C585 /* Debug */,
				7205E2F61F468C790026C585 /* Release */,
			);
			defaultConfigurationIsVisible = 0;
		};
/* End XCConfigurationList section */

/* Begin XCVersionGroup section */
		7205E2E91F468C790026C585 /* ProgrammaticCollectionView.xcdatamodeld */ = {
			isa = XCVersionGroup;
			children = (
				7205E2EA1F468C790026C585 /* ProgrammaticCollectionView.xcdatamodel */,
			);
			currentVersion = 7205E2EA1F468C790026C585 /* ProgrammaticCollectionView.xcdatamodel */;
			path = ProgrammaticCollectionView.xcdatamodeld;
			sourceTree = "<group>";
			versionGroupType = wrapper.xcdatamodel;
		};
/* End XCVersionGroup section */
	};
	rootObject = 7205E2D71F468C780026C585 /* Project object */;
}
